
Microsoft Visual Studio Solution File, Format Version 12.00
# Visual Studio Version 16
VisualStudioVersion = 16.0.29920.165
MinimumVisualStudioVersion = 10.0.40219.1
Project("{FAE04EC0-301F-11D3-BF4B-00C04F79EFBC}") = "kekturaRekord", "kekturaRekord\kekturaRekord.csproj", "{4B411C9D-A527-4D13-9EA9-A29117C48D79}"
EndProject
Global
	GlobalSection(SolutionConfigurationPlatforms) = preSolution
		Debug|Any CPU = Debug|Any CPU
		Release|Any CPU = Release|Any CPU
	EndGlobalSection
	GlobalSection(ProjectConfigurationPlatforms) = postSolution
		{4B411C9D-A527-4D13-9EA9-A29117C48D79}.Debug|Any CPU.ActiveCfg = Debug|Any CPU
		{4B411C9D-A527-4D13-9EA9-A29117C48D79}.Debug|Any CPU.Build.0 = Debug|Any CPU
		{4B411C9D-A527-4D13-9EA9-A29117C48D79}.Release|Any CPU.ActiveCfg = Release|Any CPU
		{4B411C9D-A527-4D13-9EA9-A29117C48D79}.Release|Any CPU.Build.0 = Release|Any CPU
	EndGlobalSection
	GlobalSection(SolutionProperties) = preSolution
		HideSolutionNode = FALSE
	EndGlobalSection
	GlobalSection(ExtensibilityGlobals) = postSolution
		SolutionGuid = {02A9D3A4-3CFB-4643-88C1-1AA94EE744A5}
	EndGlobalSection
EndGlobal
